
Microsoft Visual Studio Solution File, Format Version 12.00
# Visual Studio Version 16
VisualStudioVersion = 16.0.29613.14
MinimumVisualStudioVersion = 10.0.40219.1
Project("{9A19103F-16F7-4668-BE54-9A1E7A4F7556}") = "HashBang", "HashBang\HashBang.csproj", "{D04B3175-9F0C-4B98-B01F-570E03A55922}"
EndProject
Global
	GlobalSection(SolutionConfigurationPlatforms) = preSolution
		Debug|Any CPU = Debug|Any CPU
		Release|Any CPU = Release|Any CPU
	EndGlobalSection
	GlobalSection(ProjectConfigurationPlatforms) = postSolution
		{D04B3175-9F0C-4B98-B01F-570E03A55922}.Debug|Any CPU.ActiveCfg = Debug|Any CPU
		{D04B3175-9F0C-4B98-B01F-570E03A55922}.Debug|Any CPU.Build.0 = Debug|Any CPU
		{D04B3175-9F0C-4B98-B01F-570E03A55922}.Release|Any CPU.ActiveCfg = Release|Any CPU
		{D04B3175-9F0C-4B98-B01F-570E03A55922}.Release|Any CPU.Build.0 = Release|Any CPU
	EndGlobalSection
	GlobalSection(SolutionProperties) = preSolution
		HideSolutionNode = FALSE
	EndGlobalSection
	GlobalSection(ExtensibilityGlobals) = postSolution
		SolutionGuid = {9AF56F7D-E60B-4229-9DFC-0AA2E9FDDD0A}
	EndGlobalSection
EndGlobal
